
Microsoft Visual Studio Solution File, Format Version 12.00
# Visual Studio 15
VisualStudioVersion = 15.0.28307.645
MinimumVisualStudioVersion = 10.0.40219.1
Project("{FAE04EC0-301F-11D3-BF4B-00C04F79EFBC}") = "InventarioAPI", "InventarioAPI\InventarioAPI.csproj", "{6C878C74-E07C-469F-8878-D9D907ACBCC0}"
EndProject
Global
	GlobalSection(SolutionConfigurationPlatforms) = preSolution
		Debug|Any CPU = Debug|Any CPU
		Release|Any CPU = Release|Any CPU
	EndGlobalSection
	GlobalSection(ProjectConfigurationPlatforms) = postSolution
		{6C878C74-E07C-469F-8878-D9D907ACBCC0}.Debug|Any CPU.ActiveCfg = Debug|Any CPU
		{6C878C74-E07C-469F-8878-D9D907ACBCC0}.Debug|Any CPU.Build.0 = Debug|Any CPU
		{6C878C74-E07C-469F-8878-D9D907ACBCC0}.Release|Any CPU.ActiveCfg = Release|Any CPU
		{6C878C74-E07C-469F-8878-D9D907ACBCC0}.Release|Any CPU.Build.0 = Release|Any CPU
	EndGlobalSection
	GlobalSection(SolutionProperties) = preSolution
		HideSolutionNode = FALSE
	EndGlobalSection
	GlobalSection(ExtensibilityGlobals) = postSolution
		SolutionGuid = {9839C059-7948-4CDA-A188-D74D47E356D5}
	EndGlobalSection
EndGlobal
